
Microsoft Visual Studio Solution File, Format Version 12.00
# Visual Studio Version 17
VisualStudioVersion = 17.14.37216.2 d17.14
MinimumVisualStudioVersion = 10.0.40219.1
Project("{D2ABAB84-BF74-430A-B69E-9DC6D40DDA17}") = "Desafio2", "Desafio2.dwproj", "{28066623-DC26-9498-7835-94BC5650FC1A}"
EndProject
Global
	GlobalSection(SolutionConfigurationPlatforms) = preSolution
		Development|Default = Development|Default
	EndGlobalSection
	GlobalSection(ProjectConfigurationPlatforms) = postSolution
		{28066623-DC26-9498-7835-94BC5650FC1A}.Development|Default.ActiveCfg = Development
		{28066623-DC26-9498-7835-94BC5650FC1A}.Development|Default.Build.0 = Development
		{28066623-DC26-9498-7835-94BC5650FC1A}.Development|Default.Deploy.0 = Development
	EndGlobalSection
	GlobalSection(SolutionProperties) = preSolution
		HideSolutionNode = FALSE
	EndGlobalSection
	GlobalSection(ExtensibilityGlobals) = postSolution
		SolutionGuid = {BA6C1871-3D60-463D-A6BD-E4DA1B4BFA42}
	EndGlobalSection
EndGlobal
